// !$*UTF8*$!
{
	archiveVersion = 1;
	classes = {
	};
	objectVersion = 46;
	objects = {

/* Begin PBXBuildFile section */
		7B45BE87182119CC005DBCBD /* ACEView.framework in Frameworks */ = {isa = PBXBuildFile; fileRef = 7BF6DB9C181C5BC3007B9A63 /* ACEView.framework */; };
		7B644CE2181590030036D205 /* OCFWeb.framework in Frameworks */ = {isa = PBXBuildFile; fileRef = 7B644CDD18158FFA0036D205 /* OCFWeb.framework */; };
		7B699620181743FE00CAD9E2 /* AtoZ.framework in Frameworks */ = {isa = PBXBuildFile; fileRef = 7B644CE3181590340036D205 /* AtoZ.framework */; };
		7B699622181745BD00CAD9E2 /* OCFWeb.framework in Copy Frameworks */ = {isa = PBXBuildFile; fileRef = 7B644CDD18158FFA0036D205 /* OCFWeb.framework */; };
		AB9425E517AE512C0053D2F6 /* Cocoa.framework in Frameworks */ = {isa = PBXBuildFile; fileRef = AB9425E417AE512C0053D2F6 /* Cocoa.framework */; };
		AB9425F117AE512C0053D2F6 /* main.m in Sources */ = {isa = PBXBuildFile; fileRef = AB9425F017AE512C0053D2F6 /* main.m */; };
		AB9425F817AE512C0053D2F6 /* OCFAppDelegate.m in Sources */ = {isa = PBXBuildFile; fileRef = AB9425F717AE512C0053D2F6 /* OCFAppDelegate.m */; };
		AB9425FB17AE512C0053D2F6 /* MainMenu.xib in Resources */ = {isa = PBXBuildFile; fileRef = AB9425F917AE512C0053D2F6 /* MainMenu.xib */; };
		AB94268217AE6B530053D2F6 /* Persons.mustache in Resources */ = {isa = PBXBuildFile; fileRef = AB94268017AE6B530053D2F6 /* Persons.mustache */; };
		AB94268917AE7BE80053D2F6 /* PersonDetail.mustache in Resources */ = {isa = PBXBuildFile; fileRef = AB94268717AE7BE80053D2F6 /* PersonDetail.mustache */; };
/* End PBXBuildFile section */

/* Begin PBXContainerItemProxy section */
		7B45BE7F182119C5005DBCBD /* PBXContainerItemProxy */ = {
			isa = PBXContainerItemProxy;
			containerPortal = 7B644CE5181647BE0036D205 /* ACEView.xcodeproj */;
			proxyType = 1;
			remoteGlobalIDString = 7C8A728B15EA0769007E5EB8;
			remoteInfo = ACEView;
		};
		7B644CDC18158FFA0036D205 /* PBXContainerItemProxy */ = {
			isa = PBXContainerItemProxy;
			containerPortal = 7B644CD718158FFA0036D205 /* OCFWeb.xcodeproj */;
			proxyType = 2;
			remoteGlobalIDString = AB94260B17AE51AB0053D2F6;
			remoteInfo = OCFWeb;
		};
		7B644CDE18158FFA0036D205 /* PBXContainerItemProxy */ = {
			isa = PBXContainerItemProxy;
			containerPortal = 7B644CD718158FFA0036D205 /* OCFWeb.xcodeproj */;
			proxyType = 2;
			remoteGlobalIDString = AB94262317AE51AC0053D2F6;
			remoteInfo = OCFWebTests;
		};
		7B644CE018158FFD0036D205 /* PBXContainerItemProxy */ = {
			isa = PBXContainerItemProxy;
			containerPortal = 7B644CD718158FFA0036D205 /* OCFWeb.xcodeproj */;
			proxyType = 1;
			remoteGlobalIDString = AB94260A17AE51AB0053D2F6;
			remoteInfo = OCFWeb;
		};
		7BF6DB9B181C5BC3007B9A63 /* PBXContainerItemProxy */ = {
			isa = PBXContainerItemProxy;
			containerPortal = 7B644CE5181647BE0036D205 /* ACEView.xcodeproj */;
			proxyType = 2;
			remoteGlobalIDString = 7C8A728C15EA0769007E5EB8;
			remoteInfo = ACEView;
		};
		7BF6DB9D181C5BC3007B9A63 /* PBXContainerItemProxy */ = {
			isa = PBXContainerItemProxy;
			containerPortal = 7B644CE5181647BE0036D205 /* ACEView.xcodeproj */;
			proxyType = 2;
			remoteGlobalIDString = 7C8A72E015EA0F0E007E5EB8;
			remoteInfo = ACEVIewExample;
		};
		7BF6DB9F181C5BC3007B9A63 /* PBXContainerItemProxy */ = {
			isa = PBXContainerItemProxy;
			containerPortal = 7B644CE5181647BE0036D205 /* ACEView.xcodeproj */;
			proxyType = 2;
			remoteGlobalIDString = 36F169E216B9346C00E8965C;
			remoteInfo = ACEViewTests;
		};
		7BF6DBA1181C5BC3007B9A63 /* PBXContainerItemProxy */ = {
			isa = PBXContainerItemProxy;
			containerPortal = 7B644CE5181647BE0036D205 /* ACEView.xcodeproj */;
			proxyType = 2;
			remoteGlobalIDString = 7B69966F1819605C00CAD9E2;
			remoteInfo = UpdateAce;
		};
/* End PBXContainerItemProxy section */

/* Begin PBXCopyFilesBuildPhase section */
		AB6A10A817D0D81A00D13A0F /* Copy Frameworks */ = {
			isa = PBXCopyFilesBuildPhase;
			buildActionMask = 2147483647;
			dstPath = "";
			dstSubfolderSpec = 10;
			files = (
				7B699622181745BD00CAD9E2 /* OCFWeb.framework in Copy Frameworks */,
			);
			name = "Copy Frameworks";
			runOnlyForDeploymentPostprocessing = 0;
		};
/* End PBXCopyFilesBuildPhase section */

/* Begin PBXFileReference section */
		7B644CD718158FFA0036D205 /* OCFWeb.xcodeproj */ = {isa = PBXFileReference; lastKnownFileType = "wrapper.pb-project"; name = OCFWeb.xcodeproj; path = ../OCFWeb/OCFWeb.xcodeproj; sourceTree = "<group>"; };
		7B644CE3181590340036D205 /* AtoZ.framework */ = {isa = PBXFileReference; lastKnownFileType = wrapper.framework; name = AtoZ.framework; path = System/Library/Frameworks/AtoZ.framework; sourceTree = SDKROOT; };
		7B644CE5181647BE0036D205 /* ACEView.xcodeproj */ = {isa = PBXFileReference; lastKnownFileType = "wrapper.pb-project"; name = ACEView.xcodeproj; path = ../ACEView/ACEView.xcodeproj; sourceTree = "<group>"; };
		AB9425E117AE512C0053D2F6 /* OCFWeb Mac Example.app */ = {isa = PBXFileReference; explicitFileType = wrapper.application; includeInIndex = 0; path = "OCFWeb Mac Example.app"; sourceTree = BUILT_PRODUCTS_DIR; };
		AB9425E417AE512C0053D2F6 /* Cocoa.framework */ = {isa = PBXFileReference; lastKnownFileType = wrapper.framework; name = Cocoa.framework; path = System/Library/Frameworks/Cocoa.framework; sourceTree = SDKROOT; };
		AB9425E717AE512C0053D2F6 /* AppKit.framework */ = {isa = PBXFileReference; lastKnownFileType = wrapper.framework; name = AppKit.framework; path = System/Library/Frameworks/AppKit.framework; sourceTree = SDKROOT; };
		AB9425E817AE512C0053D2F6 /* CoreData.framework */ = {isa = PBXFileReference; lastKnownFileType = wrapper.framework; name = CoreData.framework; path = System/Library/Frameworks/CoreData.framework; sourceTree = SDKROOT; };
		AB9425E917AE512C0053D2F6 /* Foundation.framework */ = {isa = PBXFileReference; lastKnownFileType = wrapper.framework; name = Foundation.framework; path = System/Library/Frameworks/Foundation.framework; sourceTree = SDKROOT; };
		AB9425EC17AE512C0053D2F6 /* OCFWeb Mac Example-Info.plist */ = {isa = PBXFileReference; lastKnownFileType = text.plist.xml; path = "OCFWeb Mac Example-Info.plist"; sourceTree = "<group>"; };
		AB9425F017AE512C0053D2F6 /* main.m */ = {isa = PBXFileReference; lastKnownFileType = sourcecode.c.objc; path = main.m; sourceTree = "<group>"; };
		AB9425F217AE512C0053D2F6 /* OCFWeb Mac Example-Prefix.pch */ = {isa = PBXFileReference; lastKnownFileType = sourcecode.c.h; path = "OCFWeb Mac Example-Prefix.pch"; sourceTree = "<group>"; };
		AB9425F617AE512C0053D2F6 /* OCFAppDelegate.h */ = {isa = PBXFileReference; lastKnownFileType = sourcecode.c.h; path = OCFAppDelegate.h; sourceTree = "<group>"; };
		AB9425F717AE512C0053D2F6 /* OCFAppDelegate.m */ = {isa = PBXFileReference; lastKnownFileType = sourcecode.c.objc; path = OCFAppDelegate.m; sourceTree = "<group>"; };
		AB9425FA17AE512C0053D2F6 /* en */ = {isa = PBXFileReference; lastKnownFileType = file.xib; name = en; path = en.lproj/MainMenu.xib; sourceTree = "<group>"; };
		AB94268117AE6B530053D2F6 /* en */ = {isa = PBXFileReference; lastKnownFileType = text; name = en; path = en.lproj/Persons.mustache; sourceTree = "<group>"; };
		AB94268817AE7BE80053D2F6 /* en */ = {isa = PBXFileReference; lastKnownFileType = text; name = en; path = en.lproj/PersonDetail.mustache; sourceTree = "<group>"; };
/* End PBXFileReference section */

/* Begin PBXFrameworksBuildPhase section */
		AB9425DE17AE512C0053D2F6 /* Frameworks */ = {
			isa = PBXFrameworksBuildPhase;
			buildActionMask = 2147483647;
			files = (
				7B45BE87182119CC005DBCBD /* ACEView.framework in Frameworks */,
				7B699620181743FE00CAD9E2 /* AtoZ.framework in Frameworks */,
				7B644CE2181590030036D205 /* OCFWeb.framework in Frameworks */,
				AB9425E517AE512C0053D2F6 /* Cocoa.framework in Frameworks */,
			);
			runOnlyForDeploymentPostprocessing = 0;
		};
/* End PBXFrameworksBuildPhase section */

/* Begin PBXGroup section */
		7B644CD818158FFA0036D205 /* Products */ = {
			isa = PBXGroup;
			children = (
				7B644CDD18158FFA0036D205 /* OCFWeb.framework */,
				7B644CDF18158FFA0036D205 /* OCFWebTests.octest */,
			);
			name = Products;
			sourceTree = "<group>";
		};
		7BF6DB94181C5BC2007B9A63 /* Products */ = {
			isa = PBXGroup;
			children = (
				7BF6DB9C181C5BC3007B9A63 /* ACEView.framework */,
				7BF6DB9E181C5BC3007B9A63 /* ACEVIewExample.app */,
				7BF6DBA0181C5BC3007B9A63 /* ACEViewTests.octest */,
				7BF6DBA2181C5BC3007B9A63 /* UpdateAce */,
			);
			name = Products;
			sourceTree = "<group>";
		};
		AB9425D817AE512C0053D2F6 = {
			isa = PBXGroup;
			children = (
				7B644CE5181647BE0036D205 /* ACEView.xcodeproj */,
				7B644CD718158FFA0036D205 /* OCFWeb.xcodeproj */,
				AB9425EA17AE512C0053D2F6 /* OCFWeb Mac Example */,
				AB9425E317AE512C0053D2F6 /* Frameworks */,
				AB9425E217AE512C0053D2F6 /* Products */,
			);
			sourceTree = "<group>";
		};
		AB9425E217AE512C0053D2F6 /* Products */ = {
			isa = PBXGroup;
			children = (
				AB9425E117AE512C0053D2F6 /* OCFWeb Mac Example.app */,
			);
			name = Products;
			sourceTree = "<group>";
		};
		AB9425E317AE512C0053D2F6 /* Frameworks */ = {
			isa = PBXGroup;
			children = (
				7B644CE3181590340036D205 /* AtoZ.framework */,
				AB9425E417AE512C0053D2F6 /* Cocoa.framework */,
				AB9425E617AE512C0053D2F6 /* Other Frameworks */,
			);
			name = Frameworks;
			sourceTree = "<group>";
		};
		AB9425E617AE512C0053D2F6 /* Other Frameworks */ = {
			isa = PBXGroup;
			children = (
				AB9425E717AE512C0053D2F6 /* AppKit.framework */,
				AB9425E817AE512C0053D2F6 /* CoreData.framework */,
				AB9425E917AE512C0053D2F6 /* Foundation.framework */,
			);
			name = "Other Frameworks";
			sourceTree = "<group>";
		};
		AB9425EA17AE512C0053D2F6 /* OCFWeb Mac Example */ = {
			isa = PBXGroup;
			children = (
				AB9425F617AE512C0053D2F6 /* OCFAppDelegate.h */,
				AB9425F717AE512C0053D2F6 /* OCFAppDelegate.m */,
				AB9425F917AE512C0053D2F6 /* MainMenu.xib */,
				AB9425EB17AE512C0053D2F6 /* Supporting Files */,
			);
			path = "OCFWeb Mac Example";
			sourceTree = "<group>";
		};
		AB9425EB17AE512C0053D2F6 /* Supporting Files */ = {
			isa = PBXGroup;
			children = (
				AB9425EC17AE512C0053D2F6 /* OCFWeb Mac Example-Info.plist */,
				AB9425F017AE512C0053D2F6 /* main.m */,
				AB9425F217AE512C0053D2F6 /* OCFWeb Mac Example-Prefix.pch */,
				AB94268017AE6B530053D2F6 /* Persons.mustache */,
				AB94268717AE7BE80053D2F6 /* PersonDetail.mustache */,
			);
			name = "Supporting Files";
			sourceTree = "<group>";
		};
/* End PBXGroup section */

/* Begin PBXNativeTarget section */
		AB9425E017AE512C0053D2F6 /* OCFWeb Mac Example */ = {
			isa = PBXNativeTarget;
			buildConfigurationList = AB9425FE17AE512C0053D2F6 /* Build configuration list for PBXNativeTarget "OCFWeb Mac Example" */;
			buildPhases = (
				AB9425DD17AE512C0053D2F6 /* Sources */,
				AB9425DE17AE512C0053D2F6 /* Frameworks */,
				AB9425DF17AE512C0053D2F6 /* Resources */,
				AB6A10A817D0D81A00D13A0F /* Copy Frameworks */,
			);
			buildRules = (
			);
			dependencies = (
				7B45BE80182119C5005DBCBD /* PBXTargetDependency */,
				7B644CE118158FFD0036D205 /* PBXTargetDependency */,
			);
			name = "OCFWeb Mac Example";
			productName = "OCFWeb Mac Example";
			productReference = AB9425E117AE512C0053D2F6 /* OCFWeb Mac Example.app */;
			productType = "com.apple.product-type.application";
		};
/* End PBXNativeTarget section */

/* Begin PBXProject section */
		AB9425D917AE512C0053D2F6 /* Project object */ = {
			isa = PBXProject;
			attributes = {
				CLASSPREFIX = OCF;
				LastUpgradeCheck = 0500;
				ORGANIZATIONNAME = "Objective-Cloud.com";
			};
			buildConfigurationList = AB9425DC17AE512C0053D2F6 /* Build configuration list for PBXProject "OCFWeb Mac Example" */;
			compatibilityVersion = "Xcode 3.2";
			developmentRegion = English;
			hasScannedForEncodings = 0;
			knownRegions = (
				en,
			);
			mainGroup = AB9425D817AE512C0053D2F6;
			productRefGroup = AB9425E217AE512C0053D2F6 /* Products */;
			projectDirPath = "";
			projectReferences = (
				{
					ProductGroup = 7BF6DB94181C5BC2007B9A63 /* Products */;
					ProjectRef = 7B644CE5181647BE0036D205 /* ACEView.xcodeproj */;
				},
				{
					ProductGroup = 7B644CD818158FFA0036D205 /* Products */;
					ProjectRef = 7B644CD718158FFA0036D205 /* OCFWeb.xcodeproj */;
				},
			);
			projectRoot = "";
			targets = (
				AB9425E017AE512C0053D2F6 /* OCFWeb Mac Example */,
			);
		};
/* End PBXProject section */

/* Begin PBXReferenceProxy section */
		7B644CDD18158FFA0036D205 /* OCFWeb.framework */ = {
			isa = PBXReferenceProxy;
			fileType = wrapper.framework;
			path = OCFWeb.framework;
			remoteRef = 7B644CDC18158FFA0036D205 /* PBXContainerItemProxy */;
			sourceTree = BUILT_PRODUCTS_DIR;
		};
		7B644CDF18158FFA0036D205 /* OCFWebTests.octest */ = {
			isa = PBXReferenceProxy;
			fileType = wrapper.cfbundle;
			path = OCFWebTests.octest;
			remoteRef = 7B644CDE18158FFA0036D205 /* PBXContainerItemProxy */;
			sourceTree = BUILT_PRODUCTS_DIR;
		};
		7BF6DB9C181C5BC3007B9A63 /* ACEView.framework */ = {
			isa = PBXReferenceProxy;
			fileType = wrapper.framework;
			path = ACEView.framework;
			remoteRef = 7BF6DB9B181C5BC3007B9A63 /* PBXContainerItemProxy */;
			sourceTree = BUILT_PRODUCTS_DIR;
		};
		7BF6DB9E181C5BC3007B9A63 /* ACEVIewExample.app */ = {
			isa = PBXReferenceProxy;
			fileType = wrapper.application;
			path = ACEVIewExample.app;
			remoteRef = 7BF6DB9D181C5BC3007B9A63 /* PBXContainerItemProxy */;
			sourceTree = BUILT_PRODUCTS_DIR;
		};
		7BF6DBA0181C5BC3007B9A63 /* ACEViewTests.octest */ = {
			isa = PBXReferenceProxy;
			fileType = wrapper.cfbundle;
			path = ACEViewTests.octest;
			remoteRef = 7BF6DB9F181C5BC3007B9A63 /* PBXContainerItemProxy */;
			sourceTree = BUILT_PRODUCTS_DIR;
		};
		7BF6DBA2181C5BC3007B9A63 /* UpdateAce */ = {
			isa = PBXReferenceProxy;
			fileType = "compiled.mach-o.executable";
			path = UpdateAce;
			remoteRef = 7BF6DBA1181C5BC3007B9A63 /* PBXContainerItemProxy */;
			sourceTree = BUILT_PRODUCTS_DIR;
		};
/* End PBXReferenceProxy section */

/* Begin PBXResourcesBuildPhase section */
		AB9425DF17AE512C0053D2F6 /* Resources */ = {
			isa = PBXResourcesBuildPhase;
			buildActionMask = 2147483647;
			files = (
				AB9425FB17AE512C0053D2F6 /* MainMenu.xib in Resources */,
				AB94268217AE6B530053D2F6 /* Persons.mustache in Resources */,
				AB94268917AE7BE80053D2F6 /* PersonDetail.mustache in Resources */,
			);
			runOnlyForDeploymentPostprocessing = 0;
		};
/* End PBXResourcesBuildPhase section */

/* Begin PBXSourcesBuildPhase section */
		AB9425DD17AE512C0053D2F6 /* Sources */ = {
			isa = PBXSourcesBuildPhase;
			buildActionMask = 2147483647;
			files = (
				AB9425F117AE512C0053D2F6 /* main.m in Sources */,
				AB9425F817AE512C0053D2F6 /* OCFAppDelegate.m in Sources */,
			);
			runOnlyForDeploymentPostprocessing = 0;
		};
/* End PBXSourcesBuildPhase section */

/* Begin PBXTargetDependency section */
		7B45BE80182119C5005DBCBD /* PBXTargetDependency */ = {
			isa = PBXTargetDependency;
			name = ACEView;
			targetProxy = 7B45BE7F182119C5005DBCBD /* PBXContainerItemProxy */;
		};
		7B644CE118158FFD0036D205 /* PBXTargetDependency */ = {
			isa = PBXTargetDependency;
			name = OCFWeb;
			targetProxy = 7B644CE018158FFD0036D205 /* PBXContainerItemProxy */;
		};
/* End PBXTargetDependency section */

/* Begin PBXVariantGroup section */
		AB9425F917AE512C0053D2F6 /* MainMenu.xib */ = {
			isa = PBXVariantGroup;
			children = (
				AB9425FA17AE512C0053D2F6 /* en */,
			);
			name = MainMenu.xib;
			sourceTree = "<group>";
		};
		AB94268017AE6B530053D2F6 /* Persons.mustache */ = {
			isa = PBXVariantGroup;
			children = (
				AB94268117AE6B530053D2F6 /* en */,
			);
			name = Persons.mustache;
			sourceTree = "<group>";
		};
		AB94268717AE7BE80053D2F6 /* PersonDetail.mustache */ = {
			isa = PBXVariantGroup;
			children = (
				AB94268817AE7BE80053D2F6 /* en */,
			);
			name = PersonDetail.mustache;
			sourceTree = "<group>";
		};
/* End PBXVariantGroup section */

/* Begin XCBuildConfiguration section */
		AB9425FC17AE512C0053D2F6 /* Debug */ = {
			isa = XCBuildConfiguration;
			buildSettings = {
				ALWAYS_SEARCH_USER_PATHS = NO;
				CLANG_CXX_LANGUAGE_STANDARD = "gnu++0x";
				CLANG_CXX_LIBRARY = "libc++";
				CLANG_ENABLE_OBJC_ARC = YES;
				CLANG_WARN_CONSTANT_CONVERSION = YES;
				CLANG_WARN_EMPTY_BODY = YES;
				CLANG_WARN_ENUM_CONVERSION = YES;
				CLANG_WARN_INT_CONVERSION = YES;
				CLANG_WARN__DUPLICATE_METHOD_MATCH = YES;
				COPY_PHASE_STRIP = NO;
				GCC_C_LANGUAGE_STANDARD = gnu99;
				GCC_DYNAMIC_NO_PIC = NO;
				GCC_ENABLE_OBJC_EXCEPTIONS = YES;
				GCC_OPTIMIZATION_LEVEL = 0;
				GCC_PREPROCESSOR_DEFINITIONS = (
					"DEBUG=1",
					"$(inherited)",
				);
				GCC_SYMBOLS_PRIVATE_EXTERN = NO;
				GCC_WARN_64_TO_32_BIT_CONVERSION = YES;
				GCC_WARN_ABOUT_RETURN_TYPE = YES;
				GCC_WARN_UNINITIALIZED_AUTOS = YES;
				GCC_WARN_UNUSED_VARIABLE = YES;
				MACOSX_DEPLOYMENT_TARGET = 10.8;
				ONLY_ACTIVE_ARCH = YES;
				SDKROOT = macosx;
			};
			name = Debug;
		};
		AB9425FD17AE512C0053D2F6 /* Release */ = {
			isa = XCBuildConfiguration;
			buildSettings = {
				ALWAYS_SEARCH_USER_PATHS = NO;
				CLANG_CXX_LANGUAGE_STANDARD = "gnu++0x";
				CLANG_CXX_LIBRARY = "libc++";
				CLANG_ENABLE_OBJC_ARC = YES;
				CLANG_WARN_CONSTANT_CONVERSION = YES;
				CLANG_WARN_EMPTY_BODY = YES;
				CLANG_WARN_ENUM_CONVERSION = YES;
				CLANG_WARN_INT_CONVERSION = YES;
				CLANG_WARN__DUPLICATE_METHOD_MATCH = YES;
				COPY_PHASE_STRIP = YES;
				DEBUG_INFORMATION_FORMAT = "dwarf-with-dsym";
				GCC_C_LANGUAGE_STANDARD = gnu99;
				GCC_ENABLE_OBJC_EXCEPTIONS = YES;
				GCC_WARN_64_TO_32_BIT_CONVERSION = YES;
				GCC_WARN_ABOUT_RETURN_TYPE = YES;
				GCC_WARN_UNINITIALIZED_AUTOS = YES;
				GCC_WARN_UNUSED_VARIABLE = YES;
				MACOSX_DEPLOYMENT_TARGET = 10.8;
				SDKROOT = macosx;
			};
			name = Release;
		};
		AB9425FF17AE512C0053D2F6 /* Debug */ = {
			isa = XCBuildConfiguration;
			buildSettings = {
				CLANG_MODULES_AUTOLINK = NO;
				COMBINE_HIDPI_IMAGES = YES;
				FRAMEWORK_SEARCH_PATHS = "$(inherited)";
				GCC_LINK_WITH_DYNAMIC_LIBRARIES = NO;
				GCC_PRECOMPILE_PREFIX_HEADER = YES;
				GCC_PREFIX_HEADER = "OCFWeb Mac Example/OCFWeb Mac Example-Prefix.pch";
				INFOPLIST_FILE = "OCFWeb Mac Example/OCFWeb Mac Example-Info.plist";
				LD_RUNPATH_SEARCH_PATHS = "@executable_path/../Frameworks";
				OTHER_LDFLAGS = (
					"-ObjC",
					"-all_load",
				);
				PRODUCT_NAME = "$(TARGET_NAME)";
				WRAPPER_EXTENSION = app;
			};
			name = Debug;
		};
		AB94260017AE512C0053D2F6 /* Release */ = {
			isa = XCBuildConfiguration;
			buildSettings = {
				CLANG_MODULES_AUTOLINK = NO;
				COMBINE_HIDPI_IMAGES = YES;
				FRAMEWORK_SEARCH_PATHS = "$(inherited)";
				GCC_LINK_WITH_DYNAMIC_LIBRARIES = NO;
				GCC_PRECOMPILE_PREFIX_HEADER = YES;
				GCC_PREFIX_HEADER = "OCFWeb Mac Example/OCFWeb Mac Example-Prefix.pch";
				INFOPLIST_FILE = "OCFWeb Mac Example/OCFWeb Mac Example-Info.plist";
				LD_RUNPATH_SEARCH_PATHS = "@executable_path/../Frameworks";
				OTHER_LDFLAGS = (
					"-ObjC",
					"-all_load",
				);
				PRODUCT_NAME = "$(TARGET_NAME)";
				WRAPPER_EXTENSION = app;
			};
			name = Release;
		};
/* End XCBuildConfiguration section */

/* Begin XCConfigurationList section */
		AB9425DC17AE512C0053D2F6 /* Build configuration list for PBXProject "OCFWeb Mac Example" */ = {
			isa = XCConfigurationList;
			buildConfigurations = (
				AB9425FC17AE512C0053D2F6 /* Debug */,
				AB9425FD17AE512C0053D2F6 /* Release */,
			);
			defaultConfigurationIsVisible = 0;
			defaultConfigurationName = Release;
		};
		AB9425FE17AE512C0053D2F6 /* Build configuration list for PBXNativeTarget "OCFWeb Mac Example" */ = {
			isa = XCConfigurationList;
			buildConfigurations = (
				AB9425FF17AE512C0053D2F6 /* Debug */,
				AB94260017AE512C0053D2F6 /* Release */,
			);
			defaultConfigurationIsVisible = 0;
			defaultConfigurationName = Release;
		};
/* End XCConfigurationList section */
	};
	rootObject = AB9425D917AE512C0053D2F6 /* Project object */;
}
